
Microsoft Visual Studio Solution File, Format Version 12.00
# Visual Studio Version 16
VisualStudioVersion = 16.0.30804.86
MinimumVisualStudioVersion = 10.0.40219.1
Project("{9A19103F-16F7-4668-BE54-9A1E7A4F7556}") = "CarDataAPI.Web", "CarDataAPI.Web\CarDataAPI.Web.csproj", "{1CB010DE-C50E-4CFC-A425-4FEFEF9BAF2F}"
EndProject
Project("{2150E333-8FDC-42A3-9474-1A3956D46DE8}") = "Development", "Development", "{470F8B0D-4869-472B-AFDF-B68BA180976C}"
EndProject
Project("{9A19103F-16F7-4668-BE54-9A1E7A4F7556}") = "CarDataApi.Service", "CarDataApi.Service\CarDataApi.Service.csproj", "{FCC82A8B-CB80-4217-A67F-5500AA115703}"
EndProject
Project("{9A19103F-16F7-4668-BE54-9A1E7A4F7556}") = "CarDataApi.Repository.Sql", "CarDataApi.Repository.Sql\CarDataApi.Repository.Sql.csproj", "{C98DBF84-9B16-4204-A102-756DEA1720C6}"
EndProject
Project("{2150E333-8FDC-42A3-9474-1A3956D46DE8}") = "Test", "Test", "{2DE93330-1DD6-45C6-9C47-027FFBECB10A}"
EndProject
Project("{9A19103F-16F7-4668-BE54-9A1E7A4F7556}") = "SharedTestData", "SharedTestData\SharedTestData.csproj", "{66C20EF1-1254-4754-956C-2A7591317EEA}"
EndProject
Project("{2150E333-8FDC-42A3-9474-1A3956D46DE8}") = "Acceptance", "Acceptance", "{88B6B666-4BE6-43F6-B07F-33646B3209B6}"
EndProject
Project("{2150E333-8FDC-42A3-9474-1A3956D46DE8}") = "Integration", "Integration", "{878FB9A5-EF9A-403A-AB40-3F9579D32121}"
EndProject
Project("{2150E333-8FDC-42A3-9474-1A3956D46DE8}") = "Unit", "Unit", "{E5B9D1A1-3B2A-414F-86E3-7F91210BAA91}"
EndProject
Project("{9A19103F-16F7-4668-BE54-9A1E7A4F7556}") = "CarDataApiRepository.Tests", "CarDataService.Web.Tests\CarDataApiRepository.Tests.csproj", "{721B5560-D240-4EF6-816E-A25CED9AB0F9}"
EndProject
Project("{9A19103F-16F7-4668-BE54-9A1E7A4F7556}") = "CarDataApi.Web.Tests", "CarDataApiController.Tests\CarDataApi.Web.Tests.csproj", "{22547CAE-32D5-4F71-A640-FDD8918F170A}"
EndProject
Project("{9A19103F-16F7-4668-BE54-9A1E7A4F7556}") = "CarDataApiService.Tests", "CarDataApiService.Tests\CarDataApiService.Tests.csproj", "{484D6F52-CFDF-4C8E-896D-7347A81FF687}"
EndProject
Project("{FAE04EC0-301F-11D3-BF4B-00C04F79EFBC}") = "CarDataControllerIntegrationTest", "CarDataControllerIntegrationTest\CarDataControllerIntegrationTest.csproj", "{67EFADA7-E510-4F33-8FA2-DFE1EDE2AD64}"
EndProject
Global
	GlobalSection(SolutionConfigurationPlatforms) = preSolution
		Debug|Any CPU = Debug|Any CPU
		Release|Any CPU = Release|Any CPU
	EndGlobalSection
	GlobalSection(ProjectConfigurationPlatforms) = postSolution
		{1CB010DE-C50E-4CFC-A425-4FEFEF9BAF2F}.Debug|Any CPU.ActiveCfg = Debug|Any CPU
		{1CB010DE-C50E-4CFC-A425-4FEFEF9BAF2F}.Debug|Any CPU.Build.0 = Debug|Any CPU
		{1CB010DE-C50E-4CFC-A425-4FEFEF9BAF2F}.Release|Any CPU.ActiveCfg = Release|Any CPU
		{1CB010DE-C50E-4CFC-A425-4FEFEF9BAF2F}.Release|Any CPU.Build.0 = Release|Any CPU
		{FCC82A8B-CB80-4217-A67F-5500AA115703}.Debug|Any CPU.ActiveCfg = Debug|Any CPU
		{FCC82A8B-CB80-4217-A67F-5500AA115703}.Debug|Any CPU.Build.0 = Debug|Any CPU
		{FCC82A8B-CB80-4217-A67F-5500AA115703}.Release|Any CPU.ActiveCfg = Release|Any CPU
		{FCC82A8B-CB80-4217-A67F-5500AA115703}.Release|Any CPU.Build.0 = Release|Any CPU
		{C98DBF84-9B16-4204-A102-756DEA1720C6}.Debug|Any CPU.ActiveCfg = Debug|Any CPU
		{C98DBF84-9B16-4204-A102-756DEA1720C6}.Debug|Any CPU.Build.0 = Debug|Any CPU
		{C98DBF84-9B16-4204-A102-756DEA1720C6}.Release|Any CPU.ActiveCfg = Release|Any CPU
		{C98DBF84-9B16-4204-A102-756DEA1720C6}.Release|Any CPU.Build.0 = Release|Any CPU
		{66C20EF1-1254-4754-956C-2A7591317EEA}.Debug|Any CPU.ActiveCfg = Debug|Any CPU
		{66C20EF1-1254-4754-956C-2A7591317EEA}.Debug|Any CPU.Build.0 = Debug|Any CPU
		{66C20EF1-1254-4754-956C-2A7591317EEA}.Release|Any CPU.ActiveCfg = Release|Any CPU
		{66C20EF1-1254-4754-956C-2A7591317EEA}.Release|Any CPU.Build.0 = Release|Any CPU
		{721B5560-D240-4EF6-816E-A25CED9AB0F9}.Debug|Any CPU.ActiveCfg = Debug|Any CPU
		{721B5560-D240-4EF6-816E-A25CED9AB0F9}.Debug|Any CPU.Build.0 = Debug|Any CPU
		{721B5560-D240-4EF6-816E-A25CED9AB0F9}.Release|Any CPU.ActiveCfg = Release|Any CPU
		{721B5560-D240-4EF6-816E-A25CED9AB0F9}.Release|Any CPU.Build.0 = Release|Any CPU
		{22547CAE-32D5-4F71-A640-FDD8918F170A}.Debug|Any CPU.ActiveCfg = Debug|Any CPU
		{22547CAE-32D5-4F71-A640-FDD8918F170A}.Debug|Any CPU.Build.0 = Debug|Any CPU
		{22547CAE-32D5-4F71-A640-FDD8918F170A}.Release|Any CPU.ActiveCfg = Release|Any CPU
		{22547CAE-32D5-4F71-A640-FDD8918F170A}.Release|Any CPU.Build.0 = Release|Any CPU
		{484D6F52-CFDF-4C8E-896D-7347A81FF687}.Debug|Any CPU.ActiveCfg = Debug|Any CPU
		{484D6F52-CFDF-4C8E-896D-7347A81FF687}.Debug|Any CPU.Build.0 = Debug|Any CPU
		{484D6F52-CFDF-4C8E-896D-7347A81FF687}.Release|Any CPU.ActiveCfg = Release|Any CPU
		{484D6F52-CFDF-4C8E-896D-7347A81FF687}.Release|Any CPU.Build.0 = Release|Any CPU
		{67EFADA7-E510-4F33-8FA2-DFE1EDE2AD64}.Debug|Any CPU.ActiveCfg = Debug|Any CPU
		{67EFADA7-E510-4F33-8FA2-DFE1EDE2AD64}.Debug|Any CPU.Build.0 = Debug|Any CPU
		{67EFADA7-E510-4F33-8FA2-DFE1EDE2AD64}.Release|Any CPU.ActiveCfg = Release|Any CPU
		{67EFADA7-E510-4F33-8FA2-DFE1EDE2AD64}.Release|Any CPU.Build.0 = Release|Any CPU
	EndGlobalSection
	GlobalSection(SolutionProperties) = preSolution
		HideSolutionNode = FALSE
	EndGlobalSection
	GlobalSection(NestedProjects) = preSolution
		{1CB010DE-C50E-4CFC-A425-4FEFEF9BAF2F} = {470F8B0D-4869-472B-AFDF-B68BA180976C}
		{FCC82A8B-CB80-4217-A67F-5500AA115703} = {470F8B0D-4869-472B-AFDF-B68BA180976C}
		{C98DBF84-9B16-4204-A102-756DEA1720C6} = {470F8B0D-4869-472B-AFDF-B68BA180976C}
		{66C20EF1-1254-4754-956C-2A7591317EEA} = {2DE93330-1DD6-45C6-9C47-027FFBECB10A}
		{88B6B666-4BE6-43F6-B07F-33646B3209B6} = {2DE93330-1DD6-45C6-9C47-027FFBECB10A}
		{878FB9A5-EF9A-403A-AB40-3F9579D32121} = {2DE93330-1DD6-45C6-9C47-027FFBECB10A}
		{E5B9D1A1-3B2A-414F-86E3-7F91210BAA91} = {2DE93330-1DD6-45C6-9C47-027FFBECB10A}
		{721B5560-D240-4EF6-816E-A25CED9AB0F9} = {E5B9D1A1-3B2A-414F-86E3-7F91210BAA91}
		{22547CAE-32D5-4F71-A640-FDD8918F170A} = {E5B9D1A1-3B2A-414F-86E3-7F91210BAA91}
		{484D6F52-CFDF-4C8E-896D-7347A81FF687} = {E5B9D1A1-3B2A-414F-86E3-7F91210BAA91}
		{67EFADA7-E510-4F33-8FA2-DFE1EDE2AD64} = {878FB9A5-EF9A-403A-AB40-3F9579D32121}
	EndGlobalSection
	GlobalSection(ExtensibilityGlobals) = postSolution
		SolutionGuid = {ABE15A82-B2A1-4271-9EEF-16A6454ED49A}
	EndGlobalSection
EndGlobal
